{
  "lockfileVersion": 1,
  "configVersion": 1,
  "workspaces": {
    "": {
      "name": "@alwith/dsh-acp",
      "dependencies": {
        "@agentclientprotocol/sdk": "1.3.0",
        "@deepseek-ai/cordis": "4.0.1",
        "@deepseek-ai/dsh-agent": "0.1.0-rc.6",
        "@deepseek-ai/dsh-agent-loop": "0.1.0-rc.6",
        "@deepseek-ai/dsh-bash-local": "0.1.0-rc.6",
        "@deepseek-ai/dsh-bash-sandbox": "0.1.0-rc.6",
        "@deepseek-ai/dsh-code-runtime": "0.1.0-rc.6",
        "@deepseek-ai/dsh-code-runtime-worker-thread": "0.1.0-rc.6",
        "@deepseek-ai/dsh-cordis-host-runner": "0.1.0-rc.6",
        "@deepseek-ai/dsh-fs": "0.1.0-rc.6",
        "@deepseek-ai/dsh-fs-local": "0.1.0-rc.6",
        "@deepseek-ai/dsh-fs-observation-policy": "0.1.0-rc.6",
        "@deepseek-ai/dsh-fs-sandbox": "0.1.0-rc.6",
        "@deepseek-ai/dsh-jobs": "0.1.0-rc.6",
        "@deepseek-ai/dsh-jobs-local": "0.1.0-rc.6",
        "@deepseek-ai/dsh-llm": "0.1.0-rc.6",
        "@deepseek-ai/dsh-llm-deepseek": "0.1.0-rc.6",
        "@deepseek-ai/dsh-permission-presets": "0.1.0-rc.6",
        "@deepseek-ai/dsh-sandbox": "0.1.0-rc.6",
        "@deepseek-ai/dsh-sandbox-local": "0.1.0-rc.6",
        "@deepseek-ai/dsh-sandbox-policy": "0.1.0-rc.6",
        "@deepseek-ai/dsh-session": "0.1.0-rc.6",
        "@deepseek-ai/dsh-session-persistence": "0.1.0-rc.6",
        "@deepseek-ai/dsh-session-persistence-jsonl": "0.1.0-rc.6",
        "@deepseek-ai/dsh-shell": "0.1.0-rc.6",
        "@deepseek-ai/dsh-shell-env": "0.1.0-rc.6",
        "@deepseek-ai/dsh-subprocess": "0.1.0-rc.6",
        "@deepseek-ai/dsh-subprocess-local": "0.1.0-rc.6",
        "@deepseek-ai/dsh-system-prompt": "0.1.0-rc.6",
        "@deepseek-ai/dsh-terminal": "0.1.0-rc.6",
        "@deepseek-ai/dsh-terminal-bash": "0.1.0-rc.6",
        "@deepseek-ai/dsh-tool-bash": "0.1.0-rc.6",
        "@deepseek-ai/dsh-tool-bash-persistent": "0.1.0-rc.6",
        "@deepseek-ai/dsh-tool-cordis": "0.1.0-rc.6",
        "@deepseek-ai/dsh-tool-fs": "0.1.0-rc.6",
        "@deepseek-ai/dsh-tool-fs-search": "0.1.0-rc.6",
        "@deepseek-ai/dsh-tool-str-replace-editor": "0.1.0-rc.6",
        "@deepseek-ai/dsh-tool-todo": "0.1.0-rc.6",
        "@deepseek-ai/dsh-tool-web": "0.1.0-rc.6",
        "@deepseek-ai/dsh-tools": "0.1.0-rc.6",
        "@deepseek-ai/dsh-user-approval": "0.1.0-rc.6",
        "@deepseek-ai/dsh-web": "0.1.0-rc.6",
        "@deepseek-ai/dsh-web-search-deepseek": "0.1.0-rc.6",
        "@deepseek-ai/schemastery": "3.18.1",
        "amaro": "1.1.11",
      },
      "devDependencies": {
        "@deepseek-ai/dsh-agent-loop-testkit": "0.1.0-rc.6",
        "@deepseek-ai/dsh-llm-replay": "0.1.0-rc.6",
        "@types/bun": "1.3.14",
        "typescript": "7.0.2",
      },
    },
  },
  "patchedDependencies": {
    "@deepseek-ai/dsh-code-runtime-worker-thread@0.1.0-rc.6": "patches/@deepseek-ai%2Fdsh-code-runtime-worker-thread@0.1.0-rc.6.patch",
  },
  "packages": {
    "@agentclientprotocol/sdk": ["@agentclientprotocol/sdk@1.3.0", "", { "peerDependencies": { "zod": "^3.25.0 || ^4.0.0" } }, "sha512-i3h/efaeuMUFAO1HSfo97QZQnnvMd7wWBYtBsdL6UMZg3a78sk3Ffya5Xu7C7tYsXomXoDXJBAzQF2PcFKAhIQ=="],

    "@deepseek-ai/cordis": ["@deepseek-ai/cordis@4.0.1", "", { "dependencies": { "@deepseek-ai/cosmokit": "^1.8.2", "@standard-schema/spec": "^1.1.0" }, "peerDependencies": { "@deepseek-ai/cordis-plugin-include": "^1.0.6", "@deepseek-ai/cordis-plugin-loader": "^1.0.2" }, "optionalPeers": ["@deepseek-ai/cordis-plugin-include", "@deepseek-ai/cordis-plugin-loader"], "bin": { "cordis": "bin.js" } }, "sha512-YBdskTU2Po1kru3GgcUWUbkTsPMA9LkSQDAY8rBkFJeajdgcQad3QPJZE26JyK99Xb6HaASvoXg2DSUTeN/0Nw=="],

    "@deepseek-ai/cosmokit": ["@deepseek-ai/cosmokit@1.8.2", "", {}, "sha512-muBOKtSrUKU5m/xpq8ZXWL6hQ/jgd4PhU2PqH97bcxIiLEJfNwZOGQEx4t/aS/GgxRAR+ra9pMHPMtTHU4sqqA=="],

    "@deepseek-ai/dsh-agent": ["@deepseek-ai/dsh-agent@0.1.0-rc.6", "", { "peerDependencies": { "@deepseek-ai/cordis": "^4.0.1", "@deepseek-ai/dsh-invariants": "^0.1.0-rc.6", "@deepseek-ai/dsh-llm": "^0.1.0-rc.6", "@deepseek-ai/dsh-scope": "^0.1.0-rc.6", "@deepseek-ai/dsh-session": "^0.1.0-rc.6", "@deepseek-ai/dsh-system-prompt": "^0.1.0-rc.6", "@deepseek-ai/dsh-typert-protocol": "^0.1.0-rc.6" } }, "sha512-vtqq2pWTrzn0dKfj5kREZRpP82AwtGjGx9V1lYnKvF+Uc/a8zyWbSvjDE7V1d3YQAQJzs2cWO31hURWDekDXIA=="],

    "@deepseek-ai/dsh-agent-loop": ["@deepseek-ai/dsh-agent-loop@0.1.0-rc.6", "", { "dependencies": { "@deepseek-ai/schemastery": "^3.18.1" }, "peerDependencies": { "@deepseek-ai/cordis": "^4.0.1", "@deepseek-ai/dsh-agent": "^0.1.0-rc.6", "@deepseek-ai/dsh-invariants": "^0.1.0-rc.6", "@deepseek-ai/dsh-llm": "^0.1.0-rc.6", "@deepseek-ai/dsh-scope": "^0.1.0-rc.6", "@deepseek-ai/dsh-session": "^0.1.0-rc.6", "@deepseek-ai/dsh-session-persistence": "^0.1.0-rc.6", "@deepseek-ai/dsh-settings": "^0.1.0-rc.6", "@deepseek-ai/dsh-system-prompt": "^0.1.0-rc.6", "@deepseek-ai/dsh-tools": "^0.1.0-rc.6" } }, "sha512-yShuKIMW360H14L4y13j3gz3Ix1s/3lwEEpfJW4hnFAE09h9Z4yJA7UfTQmQdzMRMnuj4uWFPw0e0BbapnkFuw=="],

    "@deepseek-ai/dsh-agent-loop-testkit": ["@deepseek-ai/dsh-agent-loop-testkit@0.1.0-rc.6", "", { "peerDependencies": { "@deepseek-ai/cordis": "^4.0.1", "@deepseek-ai/dsh-agent": "^0.1.0-rc.6", "@deepseek-ai/dsh-invariants": "^0.1.0-rc.6", "@deepseek-ai/dsh-llm": "^0.1.0-rc.6", "@deepseek-ai/dsh-session": "^0.1.0-rc.6", "@deepseek-ai/dsh-system-prompt": "^0.1.0-rc.6", "@deepseek-ai/dsh-tools": "^0.1.0-rc.6" } }, "sha512-VOjQp3OdEhiQuwruaXdMBchZ/y/8pw5sGXhKB6MmMHxsydsmnm4ew5IISwtopufx419/OomRzijkd85glpG8Vw=="],

    "@deepseek-ai/dsh-anonymous-user-id": ["@deepseek-ai/dsh-anonymous-user-id@0.1.0-rc.6", "", { "peerDependencies": { "@deepseek-ai/cordis": "^4.0.1", "@deepseek-ai/dsh-brand": "^0.1.0-rc.6", "@deepseek-ai/dsh-home-paths": "^0.1.0-rc.6", "@deepseek-ai/dsh-invariants": "^0.1.0-rc.6" } }, "sha512-+K/+tQzuDlmvKhoudB7qVMJMNF/p1+GTRQkkPA3JHIQM5yHj7AUYY8oMLROTvUivs8XWtkNyEP1/c6nPwrHazQ=="],

    "@deepseek-ai/dsh-attachment": ["@deepseek-ai/dsh-attachment@0.1.0-rc.6", "", { "peerDependencies": { "@deepseek-ai/cordis": "^4.0.1", "@deepseek-ai/dsh-brand": "^0.1.0-rc.6", "@deepseek-ai/dsh-invariants": "^0.1.0-rc.6" } }, "sha512-3P6N17NQ8jqSQGzeCs+svCIqArU8oq0YmgEAo+axN9aVuUDferWU4DLRSX59UGpmyldX4LQn81toA+c+DqMcHg=="],

    "@deepseek-ai/dsh-bash-local": ["@deepseek-ai/dsh-bash-local@0.1.0-rc.6", "", { "dependencies": { "@deepseek-ai/schemastery": "^3.18.1" }, "peerDependencies": { "@deepseek-ai/cordis": "^4.0.1", "@deepseek-ai/dsh-invariants": "^0.1.0-rc.6", "@deepseek-ai/dsh-settings": "^0.1.0-rc.6", "@deepseek-ai/dsh-shell": "^0.1.0-rc.6", "@deepseek-ai/dsh-subprocess": "^0.1.0-rc.6", "@deepseek-ai/dsh-timeout": "^0.1.0-rc.6" } }, "sha512-YAc5W9uR7sN1Rrobp6fQlCaOdHqCWatTktV68UsoDuOJs5eM3nWEUUUVN8jdZCIDZhktT5hqbhe3+DzOX3Xg1w=="],

    "@deepseek-ai/dsh-bash-sandbox": ["@deepseek-ai/dsh-bash-sandbox@0.1.0-rc.6", "", { "peerDependencies": { "@deepseek-ai/cordis": "^4.0.1", "@deepseek-ai/dsh-bash-local": "^0.1.0-rc.6", "@deepseek-ai/dsh-invariants": "^0.1.0-rc.6", "@deepseek-ai/dsh-sandbox": "^0.1.0-rc.6", "@deepseek-ai/dsh-sandbox-policy": "^0.1.0-rc.6", "@deepseek-ai/dsh-shell": "^0.1.0-rc.6" } }, "sha512-TNLRriAjpEUrJplrI0BmZtAtntIkV5usYiKylJGPlGUfWWnJkLR0zL9gioyXW3kncHBVSnb+YTuf+7FnDVeVHQ=="],

    "@deepseek-ai/dsh-brand": ["@deepseek-ai/dsh-brand@0.1.0-rc.6", "", { "peerDependencies": { "@deepseek-ai/cordis": "^4.0.1", "@deepseek-ai/dsh-invariants": "^0.1.0-rc.6" } }, "sha512-E8j9Nby24qP4rfrdcfc7bpt1CHpGT3tYmycOJJkEOH4ptIdT1m2ro9nmnSd5CWYukTr64A77vjm2WGqHRI92UA=="],

    "@deepseek-ai/dsh-code-runtime": ["@deepseek-ai/dsh-code-runtime@0.1.0-rc.6", "", { "peerDependencies": { "@deepseek-ai/cordis": "^4.0.1", "@deepseek-ai/dsh-invariants": "^0.1.0-rc.6" } }, "sha512-aw8D4IOeMo11A3uxQeE4LFoW3bvaQnVkGFqqtS+lsINDARrOCJHXLUgecoKpys+Lc5erZZ4UQDnymJmL4OCcKA=="],

    "@deepseek-ai/dsh-code-runtime-worker-thread": ["@deepseek-ai/dsh-code-runtime-worker-thread@0.1.0-rc.6", "", { "dependencies": { "@deepseek-ai/schemastery": "^3.18.1" }, "peerDependencies": { "@deepseek-ai/cordis": "^4.0.1", "@deepseek-ai/dsh-code-runtime": "^0.1.0-rc.6", "@deepseek-ai/dsh-invariants": "^0.1.0-rc.6", "@deepseek-ai/dsh-session": "^0.1.0-rc.6", "@deepseek-ai/dsh-timeout": "^0.1.0-rc.6" } }, "sha512-I2YX2ZSeQnQrSJGffM2upL+7y7vGsLwKv478gesusgYtT0kH/MOcszO9ZpnV8sIqvlkgzvWgBhXzniGHWh40ZA=="],

    "@deepseek-ai/dsh-commands": ["@deepseek-ai/dsh-commands@0.1.0-rc.6", "", { "dependencies": { "zod": "^4.4.3" }, "peerDependencies": { "@deepseek-ai/cordis": "^4.0.1", "@deepseek-ai/dsh-agent": "^0.1.0-rc.6", "@deepseek-ai/dsh-brand": "^0.1.0-rc.6", "@deepseek-ai/dsh-invariants": "^0.1.0-rc.6", "@deepseek-ai/dsh-scope": "^0.1.0-rc.6", "@deepseek-ai/dsh-session": "^0.1.0-rc.6", "@deepseek-ai/dsh-typert-protocol": "^0.1.0-rc.6" } }, "sha512-dq1GZmGTPXEGG01ksZ6Jj6DxAkzAbg+nepvfnM/P74d6EUcsFsEy7CfS18n0VJ6/2Wp0xOWsQyyuFElqbynO7w=="],

    "@deepseek-ai/dsh-compaction": ["@deepseek-ai/dsh-compaction@0.1.0-rc.6", "", { "peerDependencies": { "@deepseek-ai/cordis": "^4.0.1", "@deepseek-ai/dsh-brand": "^0.1.0-rc.6", "@deepseek-ai/dsh-commands": "^0.1.0-rc.6", "@deepseek-ai/dsh-invariants": "^0.1.0-rc.6", "@deepseek-ai/dsh-llm": "^0.1.0-rc.6", "@deepseek-ai/dsh-session": "^0.1.0-rc.6" } }, "sha512-Uu8qgrHom13gdwwxAnqmNuWM8MqafkRlhjQMMJYmaMVVxjEUewSJ6lwtMbUEBR5ViLsfv4pTm5TnhxNCjedBUw=="],

    "@deepseek-ai/dsh-cordis-host-runner": ["@deepseek-ai/dsh-cordis-host-runner@0.1.0-rc.6", "", { "dependencies": { "@deepseek-ai/schemastery": "^3.18.1", "zod": "^4.4.3" }, "peerDependencies": { "@deepseek-ai/cordis": "^4.0.1", "@deepseek-ai/dsh-agent": "^0.1.0-rc.6", "@deepseek-ai/dsh-brand": "^0.1.0-rc.6", "@deepseek-ai/dsh-invariants": "^0.1.0-rc.6", "@deepseek-ai/dsh-llm": "^0.1.0-rc.6", "@deepseek-ai/dsh-scope": "^0.1.0-rc.6", "@deepseek-ai/dsh-session": "^0.1.0-rc.6", "@deepseek-ai/dsh-tools": "^0.1.0-rc.6", "@deepseek-ai/dsh-typert-protocol": "^0.1.0-rc.6" } }, "sha512-opN+kvxYf40rBVWhURZmq2E8uGWkv8r9L0YfynYAu/2YE7W/oGEQx2x1Mp0LxuWq1uec8rtu2GL2U17ORNuuVw=="],

    "@deepseek-ai/dsh-credentials": ["@deepseek-ai/dsh-credentials@0.1.0-rc.6", "", { "peerDependencies": { "@deepseek-ai/cordis": "^4.0.1", "@deepseek-ai/dsh-brand": "^0.1.0-rc.6", "@deepseek-ai/dsh-invariants": "^0.1.0-rc.6" } }, "sha512-zyYRs3A9gxfZjZfONzJdMhM0Gzbslpha+FGYkLDRAozgPj0N7mZdE+Qflx2V4WNrCnsSjuvOW0HFBxWtSRUTUw=="],

    "@deepseek-ai/dsh-fs": ["@deepseek-ai/dsh-fs@0.1.0-rc.6", "", { "peerDependencies": { "@deepseek-ai/cordis": "^4.0.1", "@deepseek-ai/dsh-brand": "^0.1.0-rc.6", "@deepseek-ai/dsh-invariants": "^0.1.0-rc.6", "@deepseek-ai/dsh-llm": "^0.1.0-rc.6", "@deepseek-ai/dsh-sandbox": "^0.1.0-rc.6" } }, "sha512-OTkwb4QsZgmjtA/8ZEPh1FapmrBr3N989/G4Wmo1JkAvKbMxkYty6LxjckOawTTz7GJTfUoZCrw9uopDfIMMNw=="],

    "@deepseek-ai/dsh-fs-local": ["@deepseek-ai/dsh-fs-local@0.1.0-rc.6", "", { "dependencies": { "@deepseek-ai/schemastery": "^3.18.1", "koffi": "^3.1.0" }, "peerDependencies": { "@deepseek-ai/cordis": "^4.0.1", "@deepseek-ai/dsh-fs": "^0.1.0-rc.6", "@deepseek-ai/dsh-invariants": "^0.1.0-rc.6" } }, "sha512-zP0OW474s7tvzEVQnBBTGL6Jrv/YyQXt4nswIbc3Aqr9JyHSfhZ/5IJoipZqfYXLS3ISWMhrF2npRg8L1NGsIQ=="],

    "@deepseek-ai/dsh-fs-observation-policy": ["@deepseek-ai/dsh-fs-observation-policy@0.1.0-rc.6", "", { "peerDependencies": { "@deepseek-ai/cordis": "^4.0.1", "@deepseek-ai/dsh-fs": "^0.1.0-rc.6", "@deepseek-ai/dsh-invariants": "^0.1.0-rc.6" } }, "sha512-EiBMACBVmVEs0fDFkbVH6OwXrVDp9GrTG8c62vGBfuljZvRNv6yVwS+SDblboJrIPcp67axxHRVPOEy7z1CUKQ=="],

    "@deepseek-ai/dsh-fs-sandbox": ["@deepseek-ai/dsh-fs-sandbox@0.1.0-rc.6", "", { "peerDependencies": { "@deepseek-ai/cordis": "^4.0.1", "@deepseek-ai/dsh-fs": "^0.1.0-rc.6", "@deepseek-ai/dsh-fs-local": "^0.1.0-rc.6", "@deepseek-ai/dsh-invariants": "^0.1.0-rc.6", "@deepseek-ai/dsh-sandbox": "^0.1.0-rc.6", "@deepseek-ai/dsh-sandbox-policy": "^0.1.0-rc.6" } }, "sha512-NLUeuZkeQVNPIpUute6TW4Ts1et6XxLkQIOxunL5T9mXwizp+tcdCeNjBW6XMiG6gvpECA+IA3amFCvbVSXtXw=="],

    "@deepseek-ai/dsh-home-paths": ["@deepseek-ai/dsh-home-paths@0.1.0-rc.6", "", { "peerDependencies": { "@deepseek-ai/cordis": "^4.0.1", "@deepseek-ai/dsh-invariants": "^0.1.0-rc.6" } }, "sha512-gIiUBmqB3L8inFr+hvjZv2/i6EVJOHIHCHg7bBFVhcl4HDK94+8wUCXTLGy80tcuISzIQiIaLuJq/NhSmV9Amw=="],

    "@deepseek-ai/dsh-invariants": ["@deepseek-ai/dsh-invariants@0.1.0-rc.6", "", { "dependencies": { "@deepseek-ai/schemastery": "^3.18.1" }, "peerDependencies": { "@deepseek-ai/cordis": "^4.0.1" } }, "sha512-WfEfOi99a4cpOugRAHTBSTnesLieu3ist1q9PXDXFBHX++K1rAl9+sB7YrdnbB8LH0UOY532gS9xJUYU6w0SLw=="],

    "@deepseek-ai/dsh-jobs": ["@deepseek-ai/dsh-jobs@0.1.0-rc.6", "", { "peerDependencies": { "@deepseek-ai/cordis": "^4.0.1", "@deepseek-ai/dsh-agent": "^0.1.0-rc.6", "@deepseek-ai/dsh-brand": "^0.1.0-rc.6", "@deepseek-ai/dsh-invariants": "^0.1.0-rc.6", "@deepseek-ai/dsh-session": "^0.1.0-rc.6" } }, "sha512-fmyvSOVsNObmRnciuH57ZntuCSb0gflRleCeQx1ToGHRoGrR4Ndnstx33SuIXUQt6OSUhD2w2WKQTReXogpnSQ=="],

    "@deepseek-ai/dsh-jobs-local": ["@deepseek-ai/dsh-jobs-local@0.1.0-rc.6", "", { "dependencies": { "@deepseek-ai/schemastery": "^3.18.1" }, "peerDependencies": { "@deepseek-ai/cordis": "^4.0.1", "@deepseek-ai/dsh-agent": "^0.1.0-rc.6", "@deepseek-ai/dsh-invariants": "^0.1.0-rc.6", "@deepseek-ai/dsh-jobs": "^0.1.0-rc.6", "@deepseek-ai/dsh-scope": "^0.1.0-rc.6", "@deepseek-ai/dsh-timeout": "^0.1.0-rc.6" } }, "sha512-vnCcHPjvXLQq2i80No61oKF/165+OvEC2iUBmVTxl6ka87yNECwYf4nrspHKqP9HbVWndtNP0lGgrnz7bo0XCw=="],

    "@deepseek-ai/dsh-launch-environment": ["@deepseek-ai/dsh-launch-environment@0.1.0-rc.6", "", { "peerDependencies": { "@deepseek-ai/cordis": "^4.0.1", "@deepseek-ai/dsh-invariants": "^0.1.0-rc.6" } }, "sha512-tTRJ1464PJUDe1Em1qq0mfdgGREzGGWo3JSqP6xeYDoX+MRXVP9/ChsZ5k6VBMjARAxw0HGBf7WR6VcupHbMZg=="],

    "@deepseek-ai/dsh-llm": ["@deepseek-ai/dsh-llm@0.1.0-rc.6", "", { "dependencies": { "@deepseek-ai/schemastery": "^3.18.1" }, "peerDependencies": { "@deepseek-ai/cordis": "^4.0.1", "@deepseek-ai/dsh-attachment": "^0.1.0-rc.6", "@deepseek-ai/dsh-brand": "^0.1.0-rc.6", "@deepseek-ai/dsh-invariants": "^0.1.0-rc.6", "@deepseek-ai/dsh-timeout": "^0.1.0-rc.6" } }, "sha512-kuFGC8bHlzGTwlRxQhXjf3CYWl8M4NzH+EYIkrW8rri4iMc9W53xrdvkil5No/DUlMm8g1u7GdeiWYFy0TMvtA=="],

    "@deepseek-ai/dsh-llm-deepseek": ["@deepseek-ai/dsh-llm-deepseek@0.1.0-rc.6", "", { "dependencies": { "@deepseek-ai/schemastery": "^3.18.1", "eventsource-parser": "^3.1.0" }, "peerDependencies": { "@deepseek-ai/cordis": "^4.0.1", "@deepseek-ai/dsh-anonymous-user-id": "^0.1.0-rc.6", "@deepseek-ai/dsh-credentials": "^0.1.0-rc.6", "@deepseek-ai/dsh-invariants": "^0.1.0-rc.6", "@deepseek-ai/dsh-launch-environment": "^0.1.0-rc.6", "@deepseek-ai/dsh-llm": "^0.1.0-rc.6", "@deepseek-ai/dsh-settings": "^0.1.0-rc.6", "@deepseek-ai/dsh-timeout": "^0.1.0-rc.6" } }, "sha512-Md9ik1e8tmrKcL2aRpif8qdndl9TObbfHodj6CeVlkrL9y+PEghVPZqOYtnuRcv4/e0nVSIJsUw2gFvaL+T40Q=="],

    "@deepseek-ai/dsh-llm-replay": ["@deepseek-ai/dsh-llm-replay@0.1.0-rc.6", "", { "peerDependencies": { "@deepseek-ai/cordis": "^4.0.1", "@deepseek-ai/dsh-compaction": "^0.1.0-rc.6", "@deepseek-ai/dsh-invariants": "^0.1.0-rc.6", "@deepseek-ai/dsh-llm": "^0.1.0-rc.6", "@deepseek-ai/dsh-session": "^0.1.0-rc.6" } }, "sha512-+T2P4Ydtj3BwB9KX6Gji3i1OAV+Io3i/inDHod0WfGs9E4SemlnPd23BILC7oaQ8z9JK5xDfglcnRBXxRK+shA=="],

    "@deepseek-ai/dsh-output-retention": ["@deepseek-ai/dsh-output-retention@0.1.0-rc.6", "", { "peerDependencies": { "@deepseek-ai/cordis": "^4.0.1", "@deepseek-ai/dsh-invariants": "^0.1.0-rc.6" } }, "sha512-3TQJxGqjotWrvNKI+Da8nIDjzpKZEGpImeMBp7EklfO0CDbiXA5B0Ms39zBniWkWr1lvbm2iJiYERY5uDeP6og=="],

    "@deepseek-ai/dsh-permission-presets": ["@deepseek-ai/dsh-permission-presets@0.1.0-rc.6", "", { "dependencies": { "@deepseek-ai/schemastery": "^3.18.1", "zod": "^4.4.3" }, "peerDependencies": { "@deepseek-ai/cordis": "^4.0.1", "@deepseek-ai/dsh-commands": "^0.1.0-rc.6", "@deepseek-ai/dsh-invariants": "^0.1.0-rc.6", "@deepseek-ai/dsh-sandbox": "^0.1.0-rc.6", "@deepseek-ai/dsh-sandbox-policy": "^0.1.0-rc.6", "@deepseek-ai/dsh-session": "^0.1.0-rc.6", "@deepseek-ai/dsh-session-projection": "^0.1.0-rc.6", "@deepseek-ai/dsh-settings": "^0.1.0-rc.6", "@deepseek-ai/dsh-shell": "^0.1.0-rc.6", "@deepseek-ai/dsh-user-approval": "^0.1.0-rc.6" } }, "sha512-enFyuj9mTN44sMAwLoiommngZSY5yp09JtKOKT541lycacUotuvlTj9W+KJ0whtIOuYQ1jdIzYnyFGnH0J10SQ=="],

    "@deepseek-ai/dsh-sandbox": ["@deepseek-ai/dsh-sandbox@0.1.0-rc.6", "", { "peerDependencies": { "@deepseek-ai/cordis": "^4.0.1", "@deepseek-ai/dsh-invariants": "^0.1.0-rc.6", "@deepseek-ai/dsh-llm": "^0.1.0-rc.6", "@deepseek-ai/dsh-session": "^0.1.0-rc.6" } }, "sha512-SLZjuivQQKHTx4H7xlsjraEGGMIEA8BYOwvlm/9uZBrBrlttMU+d8Ne6QYpDcOwIEubL8mvrWRg8j3rtY3lVyA=="],

    "@deepseek-ai/dsh-sandbox-local": ["@deepseek-ai/dsh-sandbox-local@0.1.0-rc.6", "", { "dependencies": { "@deepseek-ai/dsh-sandbox-windows-acl": "^0.1.0-rc.6", "@deepseek-ai/node-addon-landlock-run": "^0.1.1", "@deepseek-ai/schemastery": "^3.18.1" }, "peerDependencies": { "@deepseek-ai/cordis": "^4.0.1", "@deepseek-ai/dsh-invariants": "^0.1.0-rc.6", "@deepseek-ai/dsh-llm": "^0.1.0-rc.6", "@deepseek-ai/dsh-sandbox": "^0.1.0-rc.6", "@deepseek-ai/dsh-session": "^0.1.0-rc.6" } }, "sha512-W0CehRbWqAaHAYFw24wvYLlGxxJr2OlQQlFH/p1QbeNKtHzZ+6pgjksyFotgHdzOycNnVoBjb92RbQPfJhJZ9A=="],

    "@deepseek-ai/dsh-sandbox-policy": ["@deepseek-ai/dsh-sandbox-policy@0.1.0-rc.6", "", { "dependencies": { "@deepseek-ai/schemastery": "^3.18.1" }, "peerDependencies": { "@deepseek-ai/cordis": "^4.0.1", "@deepseek-ai/dsh-agent": "^0.1.0-rc.6", "@deepseek-ai/dsh-invariants": "^0.1.0-rc.6", "@deepseek-ai/dsh-sandbox": "^0.1.0-rc.6", "@deepseek-ai/dsh-session": "^0.1.0-rc.6", "@deepseek-ai/dsh-system-prompt": "^0.1.0-rc.6" } }, "sha512-XEB7+pJZVPWmZXv27EX/4V/1noVLUF5ZHyy3EY5tC4XtEyayWKtvHL4y9OTLIYhlU4Ualv5ag8s5ueGGq3ID8Q=="],

    "@deepseek-ai/dsh-sandbox-windows-acl": ["@deepseek-ai/dsh-sandbox-windows-acl@0.1.0-rc.6", "", { "dependencies": { "koffi": "^3.1.0" }, "peerDependencies": { "@deepseek-ai/cordis": "^4.0.1", "@deepseek-ai/dsh-invariants": "^0.1.0-rc.6" } }, "sha512-/L1TUOQMsJe8B2v1pJpTaLwkvMQIwrjlUg4+6yx2flU7AyycjFzlKwmzQQzo19/evkiqO88mLgod3FiLhqxEvA=="],

    "@deepseek-ai/dsh-scope": ["@deepseek-ai/dsh-scope@0.1.0-rc.6", "", { "peerDependencies": { "@deepseek-ai/cordis": "^4.0.1", "@deepseek-ai/dsh-invariants": "^0.1.0-rc.6" } }, "sha512-UlDLV4syLoJinNg9imhXrSAHrdaTa5Ff8gg46rzjFJGPUOhAk3DZff0hryT5OhrBi0A5Tj92qVpg2pRVvxnUzQ=="],

    "@deepseek-ai/dsh-session": ["@deepseek-ai/dsh-session@0.1.0-rc.6", "", { "peerDependencies": { "@deepseek-ai/cordis": "^4.0.1", "@deepseek-ai/dsh-brand": "^0.1.0-rc.6", "@deepseek-ai/dsh-invariants": "^0.1.0-rc.6", "@deepseek-ai/dsh-llm": "^0.1.0-rc.6", "@deepseek-ai/dsh-scope": "^0.1.0-rc.6", "@deepseek-ai/dsh-typert-protocol": "^0.1.0-rc.6" } }, "sha512-8tu8I6VWC7050GAUXWhcEWQw4pakALQc8TlhKr52m7Y4+kIKeNt3FBgP86PaGPBtpK0p5zUPRQNkFpzZbBdxyw=="],

    "@deepseek-ai/dsh-session-persistence": ["@deepseek-ai/dsh-session-persistence@0.1.0-rc.6", "", { "peerDependencies": { "@deepseek-ai/cordis": "^4.0.1", "@deepseek-ai/dsh-brand": "^0.1.0-rc.6", "@deepseek-ai/dsh-invariants": "^0.1.0-rc.6", "@deepseek-ai/dsh-session": "^0.1.0-rc.6", "@deepseek-ai/dsh-timeout": "^0.1.0-rc.6" } }, "sha512-AbNBe+IYCbZqSHqOACVdj8QTynm2HZ0cThrEuI6nGMtlWLYLx6lzZ1rgO/56Av9mIScjyTBGJAIKhEYaMTBG9g=="],

    "@deepseek-ai/dsh-session-persistence-jsonl": ["@deepseek-ai/dsh-session-persistence-jsonl@0.1.0-rc.6", "", { "dependencies": { "@deepseek-ai/schemastery": "^3.18.1", "koffi": "^3.1.0" }, "peerDependencies": { "@deepseek-ai/cordis": "^4.0.1", "@deepseek-ai/dsh-invariants": "^0.1.0-rc.6", "@deepseek-ai/dsh-session": "^0.1.0-rc.6", "@deepseek-ai/dsh-session-persistence": "^0.1.0-rc.6" } }, "sha512-US9Q4b5CZJPRRqa/M+WESL5VAOLjfYWjdzb3TQ/7zmpR4/+EQWCOFA9CtDSMh4t1oFOQBjz2+YJJcGu59MKHDA=="],

    "@deepseek-ai/dsh-session-projection": ["@deepseek-ai/dsh-session-projection@0.1.0-rc.6", "", { "dependencies": { "zod": "^4.4.3" }, "peerDependencies": { "@deepseek-ai/cordis": "^4.0.1", "@deepseek-ai/dsh-invariants": "^0.1.0-rc.6", "@deepseek-ai/dsh-session": "^0.1.0-rc.6" } }, "sha512-DYLALBPdEI1LZjJ4B6rdGdGY4gy+iR2+5Xh2xJoAGa/pTyN5Z55TNfvuMJrmeRBjAuDXNUQpmURbvos5rJ4veg=="],

    "@deepseek-ai/dsh-settings": ["@deepseek-ai/dsh-settings@0.1.0-rc.6", "", { "peerDependencies": { "@deepseek-ai/cordis": "^4.0.1", "@deepseek-ai/dsh-brand": "^0.1.0-rc.6", "@deepseek-ai/dsh-invariants": "^0.1.0-rc.6", "@deepseek-ai/schemastery": "^3.18.1" } }, "sha512-5ZlH2FNRU0kkdcCoEJohvdb2fiNnxM+iZqN3icbR3WQbMm8RPRrXlZlps5YUaQKPRbNRHA2LkOXW998QRlhHcA=="],

    "@deepseek-ai/dsh-shell": ["@deepseek-ai/dsh-shell@0.1.0-rc.6", "", { "peerDependencies": { "@deepseek-ai/cordis": "^4.0.1", "@deepseek-ai/dsh-invariants": "^0.1.0-rc.6", "@deepseek-ai/dsh-sandbox": "^0.1.0-rc.6", "@deepseek-ai/dsh-settings": "^0.1.0-rc.6", "@deepseek-ai/dsh-subprocess": "^0.1.0-rc.6" } }, "sha512-l/pcwbdpM+Zgp2AzH0kH0z7bPU7L3k4uG1t5Du1V5ilk70tyMSxz2upNfAbjkDHZZZO18LTs33aq+zRWHX1CUg=="],

    "@deepseek-ai/dsh-shell-env": ["@deepseek-ai/dsh-shell-env@0.1.0-rc.6", "", { "dependencies": { "@deepseek-ai/schemastery": "^3.18.1" }, "peerDependencies": { "@deepseek-ai/cordis": "^4.0.1", "@deepseek-ai/dsh-home-paths": "^0.1.0-rc.6", "@deepseek-ai/dsh-invariants": "^0.1.0-rc.6", "@deepseek-ai/dsh-session-persistence": "^0.1.0-rc.6", "@deepseek-ai/dsh-shell": "^0.1.0-rc.6", "@deepseek-ai/dsh-tools": "^0.1.0-rc.6" } }, "sha512-znxHFSqduw8U/AxKSO8SgSt703Bl+irRzTU0ukJT+ySlnyAwSAg8sZHLo5ZlEt5K8BdWhxz8Vc5jibOtJPB3ZQ=="],

    "@deepseek-ai/dsh-spill": ["@deepseek-ai/dsh-spill@0.1.0-rc.6", "", { "peerDependencies": { "@deepseek-ai/cordis": "^4.0.1", "@deepseek-ai/dsh-brand": "^0.1.0-rc.6", "@deepseek-ai/dsh-invariants": "^0.1.0-rc.6", "@deepseek-ai/dsh-llm": "^0.1.0-rc.6", "@deepseek-ai/dsh-session": "^0.1.0-rc.6" } }, "sha512-reV4utwd3E5LgiNrsaqh6i6zxHboVyrrL1ilALRukDbMxSyup1vuSRh+4CPxSUh9YcoToFJ6jz2Zmlsw755g1w=="],

    "@deepseek-ai/dsh-subprocess": ["@deepseek-ai/dsh-subprocess@0.1.0-rc.6", "", { "peerDependencies": { "@deepseek-ai/cordis": "^4.0.1", "@deepseek-ai/dsh-invariants": "^0.1.0-rc.6" } }, "sha512-nZaZRjSnE1he+GAd14vURAH7n3Fw5eGx3nzMbkB96Y6Qx+oQB/7PTuXxKVxlCh8TSfMJTf851ahwWb1eALjKlw=="],

    "@deepseek-ai/dsh-subprocess-local": ["@deepseek-ai/dsh-subprocess-local@0.1.0-rc.6", "", { "dependencies": { "node-pty": "^1.1.0" }, "peerDependencies": { "@deepseek-ai/cordis": "^4.0.1", "@deepseek-ai/dsh-invariants": "^0.1.0-rc.6", "@deepseek-ai/dsh-subprocess": "^0.1.0-rc.6", "@deepseek-ai/dsh-timeout": "^0.1.0-rc.6" } }, "sha512-D2daTRaprE25ti1Ra69eURPwLULpnRyUHqAGtcMHddcjNIsZ4yR0DGinYOsgoRymzu3t02qLxyoio05atSViRw=="],

    "@deepseek-ai/dsh-system-prompt": ["@deepseek-ai/dsh-system-prompt@0.1.0-rc.6", "", { "dependencies": { "@deepseek-ai/schemastery": "^3.18.1" }, "peerDependencies": { "@deepseek-ai/cordis": "^4.0.1", "@deepseek-ai/dsh-invariants": "^0.1.0-rc.6", "@deepseek-ai/dsh-llm": "^0.1.0-rc.6", "@deepseek-ai/dsh-scope": "^0.1.0-rc.6" } }, "sha512-E7g+XChh4q4/wX++v56z1pV4SA1Rtz42xkznLPPi9FlXrrzJxwHMOUzBZ9Rz3Y1kLhQ++HJG3ZatmNx3rjFilg=="],

    "@deepseek-ai/dsh-terminal": ["@deepseek-ai/dsh-terminal@0.1.0-rc.6", "", { "peerDependencies": { "@deepseek-ai/cordis": "^4.0.1", "@deepseek-ai/dsh-agent": "^0.1.0-rc.6", "@deepseek-ai/dsh-brand": "^0.1.0-rc.6", "@deepseek-ai/dsh-invariants": "^0.1.0-rc.6" } }, "sha512-riHLAQhXJJ2TT9XrDWGMgJf21RBqQgSZdEVvG4+xGEf9NZWcoszxdp+KW7rpwfrKuuD70p8RHCPGW4gCQPA+/A=="],

    "@deepseek-ai/dsh-terminal-bash": ["@deepseek-ai/dsh-terminal-bash@0.1.0-rc.6", "", { "dependencies": { "@deepseek-ai/schemastery": "^3.18.1" }, "peerDependencies": { "@deepseek-ai/cordis": "^4.0.1", "@deepseek-ai/dsh-agent": "^0.1.0-rc.6", "@deepseek-ai/dsh-invariants": "^0.1.0-rc.6", "@deepseek-ai/dsh-sandbox": "^0.1.0-rc.6", "@deepseek-ai/dsh-sandbox-policy": "^0.1.0-rc.6", "@deepseek-ai/dsh-session": "^0.1.0-rc.6", "@deepseek-ai/dsh-subprocess": "^0.1.0-rc.6", "@deepseek-ai/dsh-terminal": "^0.1.0-rc.6" } }, "sha512-KRR/b/qqKO+sf6yc0xPC64LCZ+SQgTAnEMSO7gNXQ4BeAIzUbeKYfeVYiG6XZRbQ6al6o5sWIbZ0lUt3pHGdXw=="],

    "@deepseek-ai/dsh-timeout": ["@deepseek-ai/dsh-timeout@0.1.0-rc.6", "", { "peerDependencies": { "@deepseek-ai/cordis": "^4.0.1", "@deepseek-ai/dsh-invariants": "^0.1.0-rc.6" } }, "sha512-CUean0fAnfsJVszFEip7PsU/S26W+JfDFfsza2dCtlw8n6xlkbHA9Gjxdk2aTwqDGCgXEPkRW7mYkdJ0n6FR7w=="],

    "@deepseek-ai/dsh-tool-bash": ["@deepseek-ai/dsh-tool-bash@0.1.0-rc.6", "", { "dependencies": { "@deepseek-ai/schemastery": "^3.18.1" }, "peerDependencies": { "@deepseek-ai/cordis": "^4.0.1", "@deepseek-ai/dsh-agent": "^0.1.0-rc.6", "@deepseek-ai/dsh-invariants": "^0.1.0-rc.6", "@deepseek-ai/dsh-jobs": "^0.1.0-rc.6", "@deepseek-ai/dsh-llm": "^0.1.0-rc.6", "@deepseek-ai/dsh-sandbox": "^0.1.0-rc.6", "@deepseek-ai/dsh-sandbox-policy": "^0.1.0-rc.6", "@deepseek-ai/dsh-shell": "^0.1.0-rc.6", "@deepseek-ai/dsh-shell-env": "^0.1.0-rc.6", "@deepseek-ai/dsh-system-prompt": "^0.1.0-rc.6", "@deepseek-ai/dsh-tools": "^0.1.0-rc.6", "@deepseek-ai/dsh-user-approval": "^0.1.0-rc.6" } }, "sha512-yzo/xPCObiFe+OU0e8E5nVOGpW6mp9vx/3q+MHQ0aqEbqrqHUfVMGPobfDAd/I1Ja/9Nag5NIvHpI2Hwx7lACg=="],

    "@deepseek-ai/dsh-tool-bash-persistent": ["@deepseek-ai/dsh-tool-bash-persistent@0.1.0-rc.6", "", { "dependencies": { "@deepseek-ai/schemastery": "^3.18.1" }, "peerDependencies": { "@deepseek-ai/cordis": "^4.0.1", "@deepseek-ai/dsh-agent": "^0.1.0-rc.6", "@deepseek-ai/dsh-invariants": "^0.1.0-rc.6", "@deepseek-ai/dsh-terminal": "^0.1.0-rc.6", "@deepseek-ai/dsh-timeout": "^0.1.0-rc.6", "@deepseek-ai/dsh-tools": "^0.1.0-rc.6" } }, "sha512-bsM1RHwkpNRAy0zufIDNUWxeiuGngc+R35RZ20gbWM878rHOZVuicy4MG8NKhzqGLqMD4NuDoNfjtDUkZHC48A=="],

    "@deepseek-ai/dsh-tool-cordis": ["@deepseek-ai/dsh-tool-cordis@0.1.0-rc.6", "", { "peerDependencies": { "@deepseek-ai/cordis": "^4.0.1", "@deepseek-ai/dsh-agent": "^0.1.0-rc.6", "@deepseek-ai/dsh-cordis-host-runner": "^0.1.0-rc.6", "@deepseek-ai/dsh-invariants": "^0.1.0-rc.6", "@deepseek-ai/dsh-llm": "^0.1.0-rc.6", "@deepseek-ai/dsh-scope": "^0.1.0-rc.6", "@deepseek-ai/dsh-session": "^0.1.0-rc.6", "@deepseek-ai/dsh-system-prompt": "^0.1.0-rc.6", "@deepseek-ai/dsh-tools": "^0.1.0-rc.6" } }, "sha512-MdsdiOzLaGps29FW2I6eO3vWUFttK80XGieD99rZM4p1pqwFQ8Ix22SIOhMeIqz70m1CvjoLxLak1vElte3lQw=="],

    "@deepseek-ai/dsh-tool-fs": ["@deepseek-ai/dsh-tool-fs@0.1.0-rc.6", "", { "dependencies": { "@deepseek-ai/schemastery": "^3.18.1", "diff": "^9.0.0" }, "peerDependencies": { "@deepseek-ai/cordis": "^4.0.1", "@deepseek-ai/dsh-attachment": "^0.1.0-rc.6", "@deepseek-ai/dsh-fs": "^0.1.0-rc.6", "@deepseek-ai/dsh-invariants": "^0.1.0-rc.6", "@deepseek-ai/dsh-llm": "^0.1.0-rc.6", "@deepseek-ai/dsh-sandbox": "^0.1.0-rc.6", "@deepseek-ai/dsh-sandbox-policy": "^0.1.0-rc.6", "@deepseek-ai/dsh-session": "^0.1.0-rc.6", "@deepseek-ai/dsh-system-prompt": "^0.1.0-rc.6", "@deepseek-ai/dsh-tools": "^0.1.0-rc.6", "@deepseek-ai/dsh-user-approval": "^0.1.0-rc.6" } }, "sha512-bJfo8cCacX3WBygG8GbIlGz3jQ15MyIv4htGCjKpIIRHrXHSAelNtzceO2xQ21/9BkXrvg+i50mqySOcKQ0b3w=="],

    "@deepseek-ai/dsh-tool-fs-search": ["@deepseek-ai/dsh-tool-fs-search@0.1.0-rc.6", "", { "dependencies": { "@deepseek-ai/schemastery": "^3.18.1", "@vscode/ripgrep": "^1.18.0" }, "peerDependencies": { "@deepseek-ai/cordis": "^4.0.1", "@deepseek-ai/dsh-invariants": "^0.1.0-rc.6", "@deepseek-ai/dsh-llm": "^0.1.0-rc.6", "@deepseek-ai/dsh-output-retention": "^0.1.0-rc.6", "@deepseek-ai/dsh-session": "^0.1.0-rc.6", "@deepseek-ai/dsh-spill": "^0.1.0-rc.6", "@deepseek-ai/dsh-subprocess": "^0.1.0-rc.6", "@deepseek-ai/dsh-system-prompt": "^0.1.0-rc.6", "@deepseek-ai/dsh-timeout": "^0.1.0-rc.6", "@deepseek-ai/dsh-tools": "^0.1.0-rc.6" } }, "sha512-MUu9QF2Du8F6zdFP5rPEti9LKr/IyCYLM24XbaeuZZCrbq6Q1Rf9sng3v5bD9TlT+Wm+uXv3AqPX+8r8gcdqIQ=="],

    "@deepseek-ai/dsh-tool-str-replace-editor": ["@deepseek-ai/dsh-tool-str-replace-editor@0.1.0-rc.6", "", { "dependencies": { "@deepseek-ai/schemastery": "^3.18.1" }, "peerDependencies": { "@deepseek-ai/cordis": "^4.0.1", "@deepseek-ai/dsh-fs": "^0.1.0-rc.6", "@deepseek-ai/dsh-invariants": "^0.1.0-rc.6", "@deepseek-ai/dsh-sandbox": "^0.1.0-rc.6", "@deepseek-ai/dsh-sandbox-policy": "^0.1.0-rc.6", "@deepseek-ai/dsh-tools": "^0.1.0-rc.6" } }, "sha512-Kv+zA9ZQCn85VLfox2WVvNI/iU6e3ml4gPLqXiKMC027/iwmGHTcRMKOlDNnwydFTJOucNs8wW4Ac3FafCn3gA=="],

    "@deepseek-ai/dsh-tool-todo": ["@deepseek-ai/dsh-tool-todo@0.1.0-rc.6", "", { "dependencies": { "@deepseek-ai/schemastery": "^3.18.1", "zod": "^4.4.3" }, "peerDependencies": { "@deepseek-ai/cordis": "^4.0.1", "@deepseek-ai/dsh-agent": "^0.1.0-rc.6", "@deepseek-ai/dsh-invariants": "^0.1.0-rc.6", "@deepseek-ai/dsh-session": "^0.1.0-rc.6", "@deepseek-ai/dsh-session-projection": "^0.1.0-rc.6", "@deepseek-ai/dsh-tools": "^0.1.0-rc.6" } }, "sha512-ll9xmgkrV6nsxjEZn5+YkNwQei7WrMMisnbr9mAKmqN5vpyOVHXisLvKdiASEmgpm4rsicnR8Y0wcBUfbeJTxA=="],

    "@deepseek-ai/dsh-tool-web": ["@deepseek-ai/dsh-tool-web@0.1.0-rc.6", "", { "dependencies": { "@deepseek-ai/schemastery": "^3.18.1", "@joplin/turndown-plugin-gfm": "^1.0.67", "turndown": "^7.2.4" }, "peerDependencies": { "@deepseek-ai/cordis": "^4.0.1", "@deepseek-ai/dsh-invariants": "^0.1.0-rc.6", "@deepseek-ai/dsh-llm": "^0.1.0-rc.6", "@deepseek-ai/dsh-system-prompt": "^0.1.0-rc.6", "@deepseek-ai/dsh-tools": "^0.1.0-rc.6", "@deepseek-ai/dsh-web": "^0.1.0-rc.6" } }, "sha512-2iw+F65+1+I3gwi8N+LzC6GD6vnhDSHfo9D+Pm+4h2O2d+4YKjeaOukx65sV9HTvFumY1tWXnYhBbDCJYBJAig=="],

    "@deepseek-ai/dsh-tools": ["@deepseek-ai/dsh-tools@0.1.0-rc.6", "", { "dependencies": { "@deepseek-ai/schemastery": "^3.18.1" }, "peerDependencies": { "@deepseek-ai/cordis": "^4.0.1", "@deepseek-ai/dsh-agent": "^0.1.0-rc.6", "@deepseek-ai/dsh-code-runtime": "^0.1.0-rc.6", "@deepseek-ai/dsh-invariants": "^0.1.0-rc.6", "@deepseek-ai/dsh-llm": "^0.1.0-rc.6", "@deepseek-ai/dsh-scope": "^0.1.0-rc.6", "@deepseek-ai/dsh-session": "^0.1.0-rc.6", "@deepseek-ai/dsh-system-prompt": "^0.1.0-rc.6", "@deepseek-ai/dsh-user-approval": "^0.1.0-rc.6" } }, "sha512-Tu08EPK3JyK0iNjH4FGzu/1uADynNSS6SmwOLdfytUN0YNqwNuKFSt2OJUg19famNlTgy992DcHfDu0T+gLXFg=="],

    "@deepseek-ai/dsh-typert-protocol": ["@deepseek-ai/dsh-typert-protocol@0.1.0-rc.6", "", { "peerDependencies": { "@deepseek-ai/cordis": "^4.0.1", "@deepseek-ai/dsh-invariants": "^0.1.0-rc.6" } }, "sha512-weWzN8r01YCkoDCAM7BsKw2YhRrD4zL8N2SAZu9hovYtXSq8xHXsP4Zh8RLYIlYcuotjyff/6hic+0TJPd14YA=="],

    "@deepseek-ai/dsh-user-approval": ["@deepseek-ai/dsh-user-approval@0.1.0-rc.6", "", { "dependencies": { "@deepseek-ai/schemastery": "^3.18.1" }, "peerDependencies": { "@deepseek-ai/cordis": "^4.0.1", "@deepseek-ai/dsh-agent": "^0.1.0-rc.6", "@deepseek-ai/dsh-brand": "^0.1.0-rc.6", "@deepseek-ai/dsh-invariants": "^0.1.0-rc.6", "@deepseek-ai/dsh-llm": "^0.1.0-rc.6", "@deepseek-ai/dsh-scope": "^0.1.0-rc.6", "@deepseek-ai/dsh-session": "^0.1.0-rc.6", "@deepseek-ai/dsh-system-prompt": "^0.1.0-rc.6" } }, "sha512-9rnkSDGOpu2XUeGwbPeTzVUTFWTND1PMPM5L/ZQPptV5yyZlQiNxM2rCC6OdL+ZVerwxEqrRhZIQn/KVtQfKag=="],

    "@deepseek-ai/dsh-web": ["@deepseek-ai/dsh-web@0.1.0-rc.6", "", { "dependencies": { "@deepseek-ai/schemastery": "^3.18.1" }, "peerDependencies": { "@deepseek-ai/cordis": "^4.0.1", "@deepseek-ai/dsh-invariants": "^0.1.0-rc.6", "@deepseek-ai/dsh-llm": "^0.1.0-rc.6" } }, "sha512-ABFbyDgo+DGaCtdRnjYG7Rz2K4dFlPA+xCEIt5MDobK/9CRQNpdZ4YrhHiq0nxwl1oxEM1Zw48ylFt+PwtS9ug=="],

    "@deepseek-ai/dsh-web-search-deepseek": ["@deepseek-ai/dsh-web-search-deepseek@0.1.0-rc.6", "", { "dependencies": { "@deepseek-ai/schemastery": "^3.18.1" }, "peerDependencies": { "@deepseek-ai/cordis": "^4.0.1", "@deepseek-ai/dsh-agent": "^0.1.0-rc.6", "@deepseek-ai/dsh-credentials": "^0.1.0-rc.6", "@deepseek-ai/dsh-invariants": "^0.1.0-rc.6", "@deepseek-ai/dsh-launch-environment": "^0.1.0-rc.6", "@deepseek-ai/dsh-session": "^0.1.0-rc.6", "@deepseek-ai/dsh-settings": "^0.1.0-rc.6", "@deepseek-ai/dsh-web": "^0.1.0-rc.6" } }, "sha512-+p3eOiUIN5Gk8KLjgAgIXmC6Y/db7LDb1TQ+iCAxz/zNJ2vbGVAoP+Br2jSUA1vbUdHTj49zTEWAQKaebuldCw=="],

    "@deepseek-ai/node-addon-landlock-run": ["@deepseek-ai/node-addon-landlock-run@0.1.1", "", { "optionalDependencies": { "@deepseek-ai/node-addon-landlock-run-linux-arm64": "0.1.1", "@deepseek-ai/node-addon-landlock-run-linux-x64": "0.1.1" } }, "sha512-aHGhlQJEutfobKM/4K59SERbT7RmQdD2oMKzD8Bne/Ps7TeT8AweCN+dpdfuxQhMNbFcJMymrgPnID0WYQ30Tw=="],

    "@deepseek-ai/node-addon-landlock-run-linux-arm64": ["@deepseek-ai/node-addon-landlock-run-linux-arm64@0.1.1", "", { "os": "linux", "cpu": "arm64" }, "sha512-lYY2RbcPW4rGRM5hVJbrXlvLqyBxeJBjBqvt+QTHTU+GtfUVVjTODKa4e3CRwMQoCEpOjoARdQBHbN7HvE72WQ=="],

    "@deepseek-ai/node-addon-landlock-run-linux-x64": ["@deepseek-ai/node-addon-landlock-run-linux-x64@0.1.1", "", { "os": "linux", "cpu": "x64" }, "sha512-OHAzPW2Coe/iYobAJAAA8CeVrBoKV4BnNHsgwvXwOfishxkUVSWSvdyxrZPiwYRXutpIGVrSo9zV3WOQy2euBA=="],

    "@deepseek-ai/schemastery": ["@deepseek-ai/schemastery@3.18.1", "", { "dependencies": { "@deepseek-ai/cosmokit": "^1.8.2", "@standard-schema/spec": "^1.1.0" } }, "sha512-Qn0FCSwCQnpnj6SB31I6i2sIKgKWnkbJM8O0EU91Gv2UsYVvtZTl6IA0sCwk2e2MZf5S8w5hpq9QkeVvK9qwxg=="],

    "@joplin/turndown-plugin-gfm": ["@joplin/turndown-plugin-gfm@1.0.67", "", {}, "sha512-FZfW5EZfidhzd1IaY1uxHnIZPTVOxAdleMZ4/1U6Nt5b7+Qj5JThDnaIomuJtetnUBzuRNbe9FWMuqD4B3dlWA=="],

    "@koromix/koffi-darwin-arm64": ["@koromix/koffi-darwin-arm64@3.1.5", "", { "os": "darwin", "cpu": "arm64" }, "sha512-IpqITl2fJi3QN9bTtNnygWPdK7ScSjw3xtGu8e6feYGvimCysu+spgI5KyeslY2jTnqxGS9xr8pLAbLhGJ8edA=="],

    "@koromix/koffi-darwin-x64": ["@koromix/koffi-darwin-x64@3.1.5", "", { "os": "darwin", "cpu": "x64" }, "sha512-4Tia4BS5EV/+vN9eIrdToanVe+U/2VqTZCBgOzoUbPKjgky51eqM+3J4qdRUvmYJohcJNPob5/hsxeItUZrl1g=="],

    "@koromix/koffi-freebsd-arm64": ["@koromix/koffi-freebsd-arm64@3.1.5", "", { "os": "freebsd", "cpu": "arm64" }, "sha512-bP94uzseFO79NG3flpU3WxfyvltD+jzC/kN8FDZLi8J0VUZNW1Wmu8yq87KEzjX1qT9KyX4Y+elVbGqHXHTv2Q=="],

    "@koromix/koffi-freebsd-ia32": ["@koromix/koffi-freebsd-ia32@3.1.5", "", { "os": "freebsd", "cpu": "ia32" }, "sha512-raFXXAPHzvCQWhaoMUF+Cc2ZWgg2UBU0RVoowHZhaw9nQYPC1pERcPRH+JA+SNIN6g4d2GFW6uPFc+QbUhsagA=="],

    "@koromix/koffi-freebsd-x64": ["@koromix/koffi-freebsd-x64@3.1.5", "", { "os": "freebsd", "cpu": "x64" }, "sha512-h6RyBZmPMBIDWTABkJIhzDdYwSnYAJvTacHpEjbT55Arkmw1H15Rl7CFtXuEuBrqh+uivoCrRgA6vszl9CsJ9g=="],

    "@koromix/koffi-linux-arm64": ["@koromix/koffi-linux-arm64@3.1.5", "", { "os": "linux", "cpu": "arm64" }, "sha512-u0vCmKPu4yQDhl/ri1J6U3vDnvYtYjoZaIWb+oMbRXhVZeiqdE53MGPb+q2A7Dj2n9IbYloAfEICQbL6l0pmiQ=="],

    "@koromix/koffi-linux-ia32": ["@koromix/koffi-linux-ia32@3.1.5", "", { "os": "linux", "cpu": "ia32" }, "sha512-Xa5JbumWglwPVZgrJcLhqyC1wCWlfm7+C00p3FuOTNGp0qoYuf2/tOoAh0/q7+taVm30cMopu/6lRHwdmF6I/w=="],

    "@koromix/koffi-linux-loong64": ["@koromix/koffi-linux-loong64@3.1.5", "", { "os": "linux", "cpu": "none" }, "sha512-F3i2CeTcqVBUQiSRUBSEzX1VgtXmLLiZb/ouZtXHkWpTLhJNd9TH7s3CizTofci0VRqlKdexGUYhK5vzPDAAHA=="],

    "@koromix/koffi-linux-riscv64": ["@koromix/koffi-linux-riscv64@3.1.5", "", { "os": "linux", "cpu": "none" }, "sha512-2TgQuzy+4PfDg+rw3kOmN6lywEWdzKT3eaLPbOp0b/9DaN7CLBJ/QIR5GhGsMNpeI30zU0YzFeYFxoVoJ/LqFw=="],

    "@koromix/koffi-linux-x64": ["@koromix/koffi-linux-x64@3.1.5", "", { "os": "linux", "cpu": "x64" }, "sha512-2yaIg/1V0m4CiAUMzG4CIlWmq1WJ+QBMlFfaGr9su+OH5fuIqC7V3BbMiB03IwIl1VofIZO5JA4Db4lID8tpbw=="],

    "@koromix/koffi-openbsd-ia32": ["@koromix/koffi-openbsd-ia32@3.1.5", "", { "os": "openbsd", "cpu": "ia32" }, "sha512-8/OXd+u9omMooykhvdJPEP7u6FFzzrrFo9gOmSHc9/DPt3XkVYOtSsE97PDk6zYaAzwIYHSKjHvIXsfFwFc7sg=="],

    "@koromix/koffi-openbsd-x64": ["@koromix/koffi-openbsd-x64@3.1.5", "", { "os": "openbsd", "cpu": "x64" }, "sha512-SpeqldKkuDk2aTj5PVWumy7eq6Tr2GtBPAOI1NiDHhg8xe433KraxrA9V9UjEd+1+kSGJQGR04nQByN3MPA9PQ=="],

    "@koromix/koffi-win32-arm64": ["@koromix/koffi-win32-arm64@3.1.5", "", { "os": "win32", "cpu": "arm64" }, "sha512-uej3YAEKAhlfVPoIo5sOwtxhTLRVJ01LgtWrKGpnnAQU3C+Ilmaxdh+Oc2xc1G3NK30N5eCVJpyO9r3pjKC6Vw=="],

    "@koromix/koffi-win32-ia32": ["@koromix/koffi-win32-ia32@3.1.5", "", { "os": "win32", "cpu": "ia32" }, "sha512-d42jv2f4PwtJGNJS19Xfn/BRtGsBNNVkw0O0K5tkIGI+yNq4MnPTSUsaGbDIkCLNsCgk/LFqAaE8BExyCdrujA=="],

    "@koromix/koffi-win32-x64": ["@koromix/koffi-win32-x64@3.1.5", "", { "os": "win32", "cpu": "x64" }, "sha512-Pyo1WEHEP6Ek2NEn2pquwJzSPLOdY4vymoPSz0an1DgvFWSkOyBYYkGVoxL1ajfj5I1pPdXysYqixtVTzAtOfQ=="],

    "@mixmark-io/domino": ["@mixmark-io/domino@2.2.0", "", {}, "sha512-Y28PR25bHXUg88kCV7nivXrP2Nj2RueZ3/l/jdx6J9f8J4nsEGcgX0Qe6lt7Pa+J79+kPiJU3LguR6O/6zrLOw=="],

    "@standard-schema/spec": ["@standard-schema/spec@1.1.0", "", {}, "sha512-l2aFy5jALhniG5HgqrD6jXLi/rUWrKvqN/qJx6yoJsgKhblVd+iqqU4RCXavm/jPityDo5TCvKMnpjKnOriy0w=="],

    "@types/bun": ["@types/bun@1.3.14", "", { "dependencies": { "bun-types": "1.3.14" } }, "sha512-h1hFqFVcvAvD9j9K7ZW7vd82aSA+rTdznZa+5bwvCwqSB1jmmfLcbIWhOLx1/+boy/xmjgCs/OMUL8hRJSmnPw=="],

    "@types/node": ["@types/node@26.2.0", "", { "dependencies": { "undici-types": "~8.3.0" } }, "sha512-5IviulTZeRNp2vAJ514cc/HUlY5nZ9fCbq9DMyC52BrhFZACo3nI0R7qBxhQmo/d27NFe96ur/b7Wwxklda+kg=="],

    "@typescript/typescript-aix-ppc64": ["@typescript/typescript-aix-ppc64@7.0.2", "", { "os": "aix", "cpu": "ppc64" }, "sha512-MTKKkWB7p/0E9xi1d1tHtZ5PiLkGEMIq88pK2CubZjOsLtYTLqhgIgi6zepFa+9GHZ6h05NMCkQxGKiPXMxXtQ=="],

    "@typescript/typescript-darwin-arm64": ["@typescript/typescript-darwin-arm64@7.0.2", "", { "os": "darwin", "cpu": "arm64" }, "sha512-gowzar9MwS/aRWp6f3a4KUqzRjAZjOsmGNCM6LcTgXum+dBfgsBVMN+AgvOCCbguXyick6LJhpBszxMebJ8syA=="],

    "@typescript/typescript-darwin-x64": ["@typescript/typescript-darwin-x64@7.0.2", "", { "os": "darwin", "cpu": "x64" }, "sha512-SZ9xZInqApNlNGc9s0W1VSsktYSOe9cFqNOIqmN1Gs8SmkjKZYFt017G4VwPxASInODuAdbTW7sXiFUf893RgA=="],

    "@typescript/typescript-freebsd-arm64": ["@typescript/typescript-freebsd-arm64@7.0.2", "", { "os": "freebsd", "cpu": "arm64" }, "sha512-W5NH4y/J0plIIS5b2xvTEkU7JFxyqdMAOgf+Ilhl0vHQXKO5dZoxd+C/jEtq56c4F3wk71RB4BMRQ2XdI+bwYQ=="],

    "@typescript/typescript-freebsd-x64": ["@typescript/typescript-freebsd-x64@7.0.2", "", { "os": "freebsd", "cpu": "x64" }, "sha512-UMGDx5sTpzNw3WiPebH7l90IWfJggEd+egHt/q6p7/Cm3zqoV7VxkGXt+3DxPIw8CcmvAB0j3sVVfbhX+M4Tpw=="],

    "@typescript/typescript-linux-arm": ["@typescript/typescript-linux-arm@7.0.2", "", { "os": "linux", "cpu": "arm" }, "sha512-gffT3xPz9sR7j/YJExkyPntrI0P2EP9XbOyWzth2/Gs0RstK+90RBcO0ncXoXy/beYll1SXw846Nf2zdnEz0QQ=="],

    "@typescript/typescript-linux-arm64": ["@typescript/typescript-linux-arm64@7.0.2", "", { "os": "linux", "cpu": "arm64" }, "sha512-Qh4eU4/y3yDjnfjjyPYihMj5/ODIlmt+Bzu17OI+fiSRDW57QmU5SiN63exPRNJPKUzcc1INa1NXdrJ+MqHjUQ=="],

    "@typescript/typescript-linux-loong64": ["@typescript/typescript-linux-loong64@7.0.2", "", { "os": "linux", "cpu": "none" }, "sha512-uEHck9i8hoAzXPiYRib1O7miOnz23SxIeVl6F4LXox+qov1K35jHcEW6VHKvZI+pyvl7fZEP4MCU5LYvIq1GuQ=="],

    "@typescript/typescript-linux-mips64el": ["@typescript/typescript-linux-mips64el@7.0.2", "", { "os": "linux", "cpu": "none" }, "sha512-R4KvAMnE43W5Qeqb0Ly56O3mWMWIAgsMyz36DCaycd5nbg/9kzm0liw3JocfRqyJY0KPmzFjbswozXyW0DnIYA=="],

    "@typescript/typescript-linux-ppc64": ["@typescript/typescript-linux-ppc64@7.0.2", "", { "os": "linux", "cpu": "ppc64" }, "sha512-DORx5b3sd/4S7eayxm4FQv+A7CrkUIGRaHiwI8oiHTAI1fAPWhF4J0vAlkC8biAlHSVVwxMQ3tjZ2/DVbnQiiA=="],

    "@typescript/typescript-linux-riscv64": ["@typescript/typescript-linux-riscv64@7.0.2", "", { "os": "linux", "cpu": "none" }, "sha512-wf0jqEDOjrPRnKwYRyyJDRo11KMbvMFrU+q4zqKyChODBzvlkbhNQfKvLxQCcwTpdDaXSHZTVuh0JoCrKCUMHQ=="],

    "@typescript/typescript-linux-s390x": ["@typescript/typescript-linux-s390x@7.0.2", "", { "os": "linux", "cpu": "s390x" }, "sha512-IkwJc3L7yhytWd/ewjyxNDfOmswCm9GWMJT/ue/dU4aZNbwZeYAetq42VyLmsmSjvoX7z74X6ZaYCtzAr0EuGw=="],

    "@typescript/typescript-linux-x64": ["@typescript/typescript-linux-x64@7.0.2", "", { "os": "linux", "cpu": "x64" }, "sha512-EYdf2cNg7rgCWJnxCdJ+F3V39O8ihb37eHAu1LK8oAFizgTQbPOK7zHHXbPt8rX24COqODXeI3sIf0fCXG7H/A=="],

    "@typescript/typescript-netbsd-arm64": ["@typescript/typescript-netbsd-arm64@7.0.2", "", { "os": "none", "cpu": "arm64" }, "sha512-+polYF4MF04aPpO5FTkHran9yUQDSXqy5GiSDKpsll5jy3l3+g9QLhpf39T+ePtefhXLOGrLl0QIjkQP6VnelA=="],

    "@typescript/typescript-netbsd-x64": ["@typescript/typescript-netbsd-x64@7.0.2", "", { "os": "none", "cpu": "x64" }, "sha512-8YIT0EHM/3dq10ZOVF/A7pc/YSMtbcecct4rWtexrnSCHOPcpC2KTLXfTCR6vDpnSiY12heNb1GiN/wu+T/FyA=="],

    "@typescript/typescript-openbsd-arm64": ["@typescript/typescript-openbsd-arm64@7.0.2", "", { "os": "openbsd", "cpu": "arm64" }, "sha512-APT8+ClYnuYm1u9+kgGXoMj2VzWzcymwh2gNSQVySHfkRDGOTVkoWLjCmOQSaO+PoqQ57B0flRp9SA+7GnnkzQ=="],

    "@typescript/typescript-openbsd-x64": ["@typescript/typescript-openbsd-x64@7.0.2", "", { "os": "openbsd", "cpu": "x64" }, "sha512-yX7s+Q0Dln0Dt9tEzZsAjXXR/+ytBM7AlglaqyeMPxQszJ1JhlJdZ6jLA+IzldHtflX81em7lDao1xXu+aRRkg=="],

    "@typescript/typescript-sunos-x64": ["@typescript/typescript-sunos-x64@7.0.2", "", { "os": "sunos", "cpu": "x64" }, "sha512-dLJDGaLZ1D4HPQn62u1n8mBDkJREwMsAkCdkwd4Ieqw+x3TUyTsqY0YiBCtE6H6OzzgGk3iuZ3vFWRS+E8/d1g=="],

    "@typescript/typescript-win32-arm64": ["@typescript/typescript-win32-arm64@7.0.2", "", { "os": "win32", "cpu": "arm64" }, "sha512-Gyl1Vy6OsWesLzmq+EP0Fb7b4Nid5232AvcA2SFcdYreldpNtYFFofPjnt62y9hQy7VTaZp65ICJjuAQRaVcIQ=="],

    "@typescript/typescript-win32-x64": ["@typescript/typescript-win32-x64@7.0.2", "", { "os": "win32", "cpu": "x64" }, "sha512-0BQ3HkAHHlKLSp1qRvf3SUhGpGsDuhB/jgFw75guyqbxJqEaS0Cw/VFO8i2nHglJUzQCRtMMR/IBAKE3ETMC4g=="],

    "@vscode/ripgrep": ["@vscode/ripgrep@1.18.0", "", { "optionalDependencies": { "@vscode/ripgrep-darwin-arm64": "1.18.0", "@vscode/ripgrep-darwin-x64": "1.18.0", "@vscode/ripgrep-linux-arm": "1.18.0", "@vscode/ripgrep-linux-arm64": "1.18.0", "@vscode/ripgrep-linux-ia32": "1.18.0", "@vscode/ripgrep-linux-ppc64": "1.18.0", "@vscode/ripgrep-linux-riscv64": "1.18.0", "@vscode/ripgrep-linux-s390x": "1.18.0", "@vscode/ripgrep-linux-x64": "1.18.0", "@vscode/ripgrep-win32-arm64": "1.18.0", "@vscode/ripgrep-win32-ia32": "1.18.0", "@vscode/ripgrep-win32-x64": "1.18.0" } }, "sha512-ns5lWe44tSfbTMbVUsyB+I1819PVSw4AdpgK0RNkzfWfwy6+3IUNSxwSrfTno1/oWaS/hERNz+XLWVyga2aJBQ=="],

    "@vscode/ripgrep-darwin-arm64": ["@vscode/ripgrep-darwin-arm64@1.18.0", "", { "os": "darwin", "cpu": "arm64" }, "sha512-r3ktHSvbFycQNF6sl7sNDPocpsI7J+mEzh1IaZFkY0spm3k2Z9t8hPAeOK7+p0l6p6/swkQC14XWX01low+94Q=="],

    "@vscode/ripgrep-darwin-x64": ["@vscode/ripgrep-darwin-x64@1.18.0", "", { "os": "darwin", "cpu": "x64" }, "sha512-25b4gWbL138dGuQU244ebCKKc0q05ULBMoFSz9oAEUHNeqK/lOJViDS7DRvbDazzAzSEdan391Znks/R5mkaTQ=="],

    "@vscode/ripgrep-linux-arm": ["@vscode/ripgrep-linux-arm@1.18.0", "", { "os": "linux", "cpu": "arm" }, "sha512-GDAvufNDHu8zqLEmXstalQF0Wh6wQvdsBi/Vg3Yi3CK4a8XoFXqqXVEHEZ9xQz3t0NfoSEc9JbvK9DDS6FxyxQ=="],

    "@vscode/ripgrep-linux-arm64": ["@vscode/ripgrep-linux-arm64@1.18.0", "", { "os": "linux", "cpu": "arm64" }, "sha512-lQ/5zTG++U0E3IhVgS4EPTTn/U4okncaRMM5GOFfOYZywS4nuD31GhkHbNYlDk5CuDC68+hYJ0/eQeyCKJDA+g=="],

    "@vscode/ripgrep-linux-ia32": ["@vscode/ripgrep-linux-ia32@1.18.0", "", { "os": "linux", "cpu": "ia32" }, "sha512-YWLkSUtFd4Jh5EepIhA9RJSfv3uMAVMo+2rBIGHPBnvgLrZciIs2cDKei1/p6Wc/aCzUoHyMAg2R6tw4ZCBKGg=="],

    "@vscode/ripgrep-linux-ppc64": ["@vscode/ripgrep-linux-ppc64@1.18.0", "", { "os": "linux", "cpu": "ppc64" }, "sha512-quXVY8fwQ8O/lvU1yrSqSl3jlUzysRSb+AfUfCL/tRtphxsKlFvPAejryZ6vg4Bgvn8XL74xb4qMCDmWgYrT5w=="],

    "@vscode/ripgrep-linux-riscv64": ["@vscode/ripgrep-linux-riscv64@1.18.0", "", { "os": "linux", "cpu": "none" }, "sha512-f5kBQBrWfQt8Q7OhSORuNDei5dkYagBj3y4jImSUXGMy8B/Ke7SltSRcUtjPv166FAFfHCAmWuZp3+cWnX2/Vw=="],

    "@vscode/ripgrep-linux-s390x": ["@vscode/ripgrep-linux-s390x@1.18.0", "", { "os": "linux", "cpu": "s390x" }, "sha512-rTOcJFGGcl2c07RUOWUo4U1ndnemKhY6A9hnMB18uk7jSgJc0d/QLBGWMWpumdtoJtpizn/wIv5mXIisJukusQ=="],

    "@vscode/ripgrep-linux-x64": ["@vscode/ripgrep-linux-x64@1.18.0", "", { "os": "linux", "cpu": "x64" }, "sha512-mQ3bVrUpnD2vs7QT0vX90Lt0cnUq467uFtEktIdsJJmW296RoSULRGqWgzG1AKxyBpNDD6l4ZO4qKf6SgyC23Q=="],

    "@vscode/ripgrep-win32-arm64": ["@vscode/ripgrep-win32-arm64@1.18.0", "", { "os": "win32", "cpu": "arm64" }, "sha512-vfTIjq1OHnzUjxZcHVQAMbnggp8dpGf+0QKFOZHwWPqFwXxQC8eCWM+5NUdoJ6yrElCeMzoUTXoK/LdZaniB+Q=="],

    "@vscode/ripgrep-win32-ia32": ["@vscode/ripgrep-win32-ia32@1.18.0", "", { "os": "win32", "cpu": "ia32" }, "sha512-//rfAE+BOw5AC2EMmepmiE36jUuevtQYNQqqlw1s3m9FlRxjxEut97RkRPHAu9BG4mSojatZx+kXZXNdyI9caQ=="],

    "@vscode/ripgrep-win32-x64": ["@vscode/ripgrep-win32-x64@1.18.0", "", { "os": "win32", "cpu": "x64" }, "sha512-KNPvtElldqILHdnAetujPaowkNbpqJy3ssIGGN6F6Kve9Qi+nNLI2DN01O83JjCEVQbCzl8Ov3QZ9Eov3BR8Dg=="],

    "amaro": ["amaro@1.1.11", "", {}, "sha512-Tg8KzTpeCUQ23RNSuA2GeVRxHhkHyq8U9jNpKRjiMQKY2C9iJ7pLlGw2iRy4nNMYtB+tkLghk3swCo13O68zDg=="],

    "bun-types": ["bun-types@1.3.14", "", { "dependencies": { "@types/node": "*" } }, "sha512-4N0ig0fEomHt5R0KCFWjovxow98rIoRwKolrYdCcknNwMekCXRnWEUvgu5soYV8QXtVsrUD8B95MBOZGPvr6KQ=="],

    "diff": ["diff@9.0.0", "", {}, "sha512-svtcdpS8CgJyqAjEQIXdb3OjhFVVYjzGAPO8WGCmRbrml64SPw/jJD4GoE98aR7r25A0XcgrK3F02yw9R/vhQw=="],

    "eventsource-parser": ["eventsource-parser@3.1.1", "", {}, "sha512-EKN1vKAMcZ8MlYMpaNuxN6R9yakzH6uajHcHVTqWJzvu5pWw9DyhbP35HH8MVBQ+dZjAfDxk+A8NiR9KWaXiyQ=="],

    "koffi": ["koffi@3.1.5", "", { "optionalDependencies": { "@koromix/koffi-darwin-arm64": "3.1.5", "@koromix/koffi-darwin-x64": "3.1.5", "@koromix/koffi-freebsd-arm64": "3.1.5", "@koromix/koffi-freebsd-ia32": "3.1.5", "@koromix/koffi-freebsd-x64": "3.1.5", "@koromix/koffi-linux-arm64": "3.1.5", "@koromix/koffi-linux-ia32": "3.1.5", "@koromix/koffi-linux-loong64": "3.1.5", "@koromix/koffi-linux-riscv64": "3.1.5", "@koromix/koffi-linux-x64": "3.1.5", "@koromix/koffi-openbsd-ia32": "3.1.5", "@koromix/koffi-openbsd-x64": "3.1.5", "@koromix/koffi-win32-arm64": "3.1.5", "@koromix/koffi-win32-ia32": "3.1.5", "@koromix/koffi-win32-x64": "3.1.5" } }, "sha512-XVwwrxg0Ca6IEUQF4YtGIU4XN0LSselFYpYvgfhh8wafCunhEEx5hPr7LZhp5QyeFA/LcRsKHTqncCdjWjWAlg=="],

    "node-addon-api": ["node-addon-api@7.1.1", "", {}, "sha512-5m3bsyrjFWE1xf7nz7YXdN4udnVtXK6/Yfgn5qnahL6bCkf2yKt4k3nuTKAtT4r3IG8JNR2ncsIMdZuAzJjHQQ=="],

    "node-pty": ["node-pty@1.1.0", "", { "dependencies": { "node-addon-api": "^7.1.0" } }, "sha512-20JqtutY6JPXTUnL0ij1uad7Qe1baT46lyolh2sSENDd4sTzKZ4nmAFkeAARDKwmlLjPx6XKRlwRUxwjOy+lUg=="],

    "turndown": ["turndown@7.2.4", "", { "dependencies": { "@mixmark-io/domino": "^2.2.0" } }, "sha512-I8yFsfRzmzK0WV1pNNOA4A7y4RDfFxPRxb3t+e3ui14qSGOxGtiSP6GjeX+Y6CHb7HYaFj7ECUD7VE5kQMZWGQ=="],

    "typescript": ["typescript@7.0.2", "", { "optionalDependencies": { "@typescript/typescript-aix-ppc64": "7.0.2", "@typescript/typescript-darwin-arm64": "7.0.2", "@typescript/typescript-darwin-x64": "7.0.2", "@typescript/typescript-freebsd-arm64": "7.0.2", "@typescript/typescript-freebsd-x64": "7.0.2", "@typescript/typescript-linux-arm": "7.0.2", "@typescript/typescript-linux-arm64": "7.0.2", "@typescript/typescript-linux-loong64": "7.0.2", "@typescript/typescript-linux-mips64el": "7.0.2", "@typescript/typescript-linux-ppc64": "7.0.2", "@typescript/typescript-linux-riscv64": "7.0.2", "@typescript/typescript-linux-s390x": "7.0.2", "@typescript/typescript-linux-x64": "7.0.2", "@typescript/typescript-netbsd-arm64": "7.0.2", "@typescript/typescript-netbsd-x64": "7.0.2", "@typescript/typescript-openbsd-arm64": "7.0.2", "@typescript/typescript-openbsd-x64": "7.0.2", "@typescript/typescript-sunos-x64": "7.0.2", "@typescript/typescript-win32-arm64": "7.0.2", "@typescript/typescript-win32-x64": "7.0.2" }, "bin": { "tsc": "bin/tsc" } }, "sha512-8FYau96o3NKOhbjKi/qNvG/W5jhzxkbdm5sj9AbZ/5T5sWqn3hJgLfGx27sRKZWTvyzCP8dLRBTf5tBTSRVUNA=="],

    "undici-types": ["undici-types@8.3.0", "", {}, "sha512-j375ScV60dom+YkPFIfTLcOiPxkN/buHz5GobjLhixFuANaNs3C9l4GmrWqejgXWJ7BbJcFYpTEUkS1Ge8bpZQ=="],

    "zod": ["zod@4.4.3", "", {}, "sha512-ytENFjIJFl2UwYglde2jchW2Hwm4GJFLDiSXWdTrJQBIN9Fcyp7n4DhxJEiWNAJMV1/BqWfW/kkg71UDcHJyTQ=="],
  }
}
